
Microsoft Visual Studio Solution File, Format Version 12.00
# Visual Studio Version 16
VisualStudioVersion = 16.0.31005.135
MinimumVisualStudioVersion = 10.0.40219.1
Project("{9A19103F-16F7-4668-BE54-9A1E7A4F7556}") = "MembersManager.Web", "MembersManager.Web\MembersManager.Web.csproj", "{54755492-92EE-4CEF-800D-D139C694C5CD}"
EndProject
Project("{9A19103F-16F7-4668-BE54-9A1E7A4F7556}") = "MemebersManager.UI", "MemebersManager.UI\MemebersManager.UI.csproj", "{BC65EBE7-16B7-4A28-BD20-CBD93ABCAA05}"
EndProject
Project("{FAE04EC0-301F-11D3-BF4B-00C04F79EFBC}") = "MembersManager.Portal", "MembersManager.Portal\MembersManager.Portal.csproj", "{97BF498B-805F-4C69-9424-BE3AD1DAC602}"
EndProject
Global
	GlobalSection(SolutionConfigurationPlatforms) = preSolution
		Debug|Any CPU = Debug|Any CPU
		Release|Any CPU = Release|Any CPU
	EndGlobalSection
	GlobalSection(ProjectConfigurationPlatforms) = postSolution
		{54755492-92EE-4CEF-800D-D139C694C5CD}.Debug|Any CPU.ActiveCfg = Debug|Any CPU
		{54755492-92EE-4CEF-800D-D139C694C5CD}.Debug|Any CPU.Build.0 = Debug|Any CPU
		{54755492-92EE-4CEF-800D-D139C694C5CD}.Release|Any CPU.ActiveCfg = Release|Any CPU
		{54755492-92EE-4CEF-800D-D139C694C5CD}.Release|Any CPU.Build.0 = Release|Any CPU
		{BC65EBE7-16B7-4A28-BD20-CBD93ABCAA05}.Debug|Any CPU.ActiveCfg = Debug|Any CPU
		{BC65EBE7-16B7-4A28-BD20-CBD93ABCAA05}.Debug|Any CPU.Build.0 = Debug|Any CPU
		{BC65EBE7-16B7-4A28-BD20-CBD93ABCAA05}.Release|Any CPU.ActiveCfg = Release|Any CPU
		{BC65EBE7-16B7-4A28-BD20-CBD93ABCAA05}.Release|Any CPU.Build.0 = Release|Any CPU
		{97BF498B-805F-4C69-9424-BE3AD1DAC602}.Debug|Any CPU.ActiveCfg = Debug|Any CPU
		{97BF498B-805F-4C69-9424-BE3AD1DAC602}.Debug|Any CPU.Build.0 = Debug|Any CPU
		{97BF498B-805F-4C69-9424-BE3AD1DAC602}.Release|Any CPU.ActiveCfg = Release|Any CPU
		{97BF498B-805F-4C69-9424-BE3AD1DAC602}.Release|Any CPU.Build.0 = Release|Any CPU
	EndGlobalSection
	GlobalSection(SolutionProperties) = preSolution
		HideSolutionNode = FALSE
	EndGlobalSection
	GlobalSection(ExtensibilityGlobals) = postSolution
		SolutionGuid = {327AABD3-69E4-403C-A59F-DEE33FDCB374}
	EndGlobalSection
EndGlobal
